
Microsoft Visual Studio Solution File, Format Version 12.00
# Visual Studio Version 17
VisualStudioVersion = 17.4.33403.182
MinimumVisualStudioVersion = 10.0.40219.1
Project("{FAE04EC0-301F-11D3-BF4B-00C04F79EFBC}") = "FileIOOpdracht", "FileIOOpdracht.csproj", "{727B7445-CBCA-4173-AC98-0C30839E6078}"
EndProject
Global
	GlobalSection(SolutionConfigurationPlatforms) = preSolution
		Debug|Any CPU = Debug|Any CPU
		Release|Any CPU = Release|Any CPU
	EndGlobalSection
	GlobalSection(ProjectConfigurationPlatforms) = postSolution
		{727B7445-CBCA-4173-AC98-0C30839E6078}.Debug|Any CPU.ActiveCfg = Debug|Any CPU
		{727B7445-CBCA-4173-AC98-0C30839E6078}.Debug|Any CPU.Build.0 = Debug|Any CPU
		{727B7445-CBCA-4173-AC98-0C30839E6078}.Release|Any CPU.ActiveCfg = Release|Any CPU
		{727B7445-CBCA-4173-AC98-0C30839E6078}.Release|Any CPU.Build.0 = Release|Any CPU
	EndGlobalSection
	GlobalSection(SolutionProperties) = preSolution
		HideSolutionNode = FALSE
	EndGlobalSection
	GlobalSection(ExtensibilityGlobals) = postSolution
		SolutionGuid = {20CCE8D8-1683-4C3E-9856-6D674A1F22DD}
	EndGlobalSection
EndGlobal
