
Microsoft Visual Studio Solution File, Format Version 12.00
# Visual Studio Version 17
VisualStudioVersion = 17.4.33403.182
MinimumVisualStudioVersion = 10.0.40219.1
Project("{FAE04EC0-301F-11D3-BF4B-00C04F79EFBC}") = "FileDirOpdracht", "FileDirOpdracht.csproj", "{1D5DCF52-1A6A-4090-9EAD-EA37FDF77C0A}"
EndProject
Global
	GlobalSection(SolutionConfigurationPlatforms) = preSolution
		Debug|Any CPU = Debug|Any CPU
		Release|Any CPU = Release|Any CPU
	EndGlobalSection
	GlobalSection(ProjectConfigurationPlatforms) = postSolution
		{1D5DCF52-1A6A-4090-9EAD-EA37FDF77C0A}.Debug|Any CPU.ActiveCfg = Debug|Any CPU
		{1D5DCF52-1A6A-4090-9EAD-EA37FDF77C0A}.Debug|Any CPU.Build.0 = Debug|Any CPU
		{1D5DCF52-1A6A-4090-9EAD-EA37FDF77C0A}.Release|Any CPU.ActiveCfg = Release|Any CPU
		{1D5DCF52-1A6A-4090-9EAD-EA37FDF77C0A}.Release|Any CPU.Build.0 = Release|Any CPU
	EndGlobalSection
	GlobalSection(SolutionProperties) = preSolution
		HideSolutionNode = FALSE
	EndGlobalSection
	GlobalSection(ExtensibilityGlobals) = postSolution
		SolutionGuid = {888811E5-E06B-4C73-8A51-D73EA9AE98AF}
	EndGlobalSection
EndGlobal
